[[dependencies]]
name = "@layerzerolabs-lz-evm-messagelib-v2"
version = "3.0.102"
url = "https://soldeer-revisions.s3.amazonaws.com/@layerzerolabs-lz-evm-messagelib-v2/3_0_102_11-06-2025_10:14:04_lz-evm-messagelib-v2.zip"
checksum = "99f6a8766bfd0675e40513f3572db9f343ed55d962d46bff17d205792dfb4e6c"
integrity = "a36be77d6bba5eb04ca546b8e1a43709710aac3949b3a0c51f9cae80e87ac4dd"

[[dependencies]]
name = "@layerzerolabs-lz-evm-protocol-v2"
version = "3.0.102"
url = "https://soldeer-revisions.s3.amazonaws.com/@layerzerolabs-lz-evm-protocol-v2/3_0_102_11-06-2025_10:14:14_lz-evm-protocol-v2.zip"
checksum = "16b5665994d12bc4ee86904f36a13db4666ae3fdec72d3fa2107db739fed6a0d"
integrity = "9d1c75b256d4f2658606708009af625c725637746c874843ad099e1d13b0fe39"

[[dependencies]]
name = "@layerzerolabs-oapp-evm"
version = "0.3.2"
url = "https://soldeer-revisions.s3.amazonaws.com/@layerzerolabs-oapp-evm/0_3_2_08-03-2025_08:55:58_oapp-evm.zip"
checksum = "3ab34a2e41af455e55b4bff6ffffc535f83311e3d100b3b66876b6917f7a0ad7"
integrity = "9ee76076bfe90b69ef534ff42c367bf253ad0cadc0b10e94483dc4bc34864d58"

[[dependencies]]
name = "@layerzerolabs-oapp-evm-upgradeable"
version = "0.1.2"
url = "https://soldeer-revisions.s3.amazonaws.com/@layerzerolabs-oapp-evm-upgradeable/0_1_2_08-03-2025_08:55:32_oapp-evm-upgradeable.zip"
checksum = "2096b685ccb32ec071bdae9e49b7444a2d0dc76dd7c34c67878a2a1e1db1de54"
integrity = "cf4867f601825343924b2a4e2993c3b9af617c62e36bccc6e110551136e06c41"

[[dependencies]]
name = "@layerzerolabs-oft-evm"
version = "3.1.4"
url = "https://soldeer-revisions.s3.amazonaws.com/@layerzerolabs-oft-evm/3_1_4_16-04-2025_07:54:10_oft-evm.zip"
checksum = "38967b571cf65234d4f546136e3f69f093c9b34be25412585cb8b17659f516d2"
integrity = "2bcc962cebb576b5e02ea3d79edfb844ee6456bf86294b0daf2af40f28c63ab9"

[[dependencies]]
name = "@layerzerolabs-oft-evm-upgradeable"
version = "3.1.0"
url = "https://soldeer-revisions.s3.amazonaws.com/@layerzerolabs-oft-evm-upgradeable/3_1_0_20-03-2025_07:52:55_oft-evm-upgradeable.zip"
checksum = "694c2c0d3719bdb2f403794ee7a3ef025ebfded4ca28a38139784e02000d617d"
integrity = "09295067c60621755adbbd2383b3e597f4493dcaa71f06c33d56944513872e40"

[[dependencies]]
name = "@openzeppelin-contracts"
version = "5.3.0"
url = "https://soldeer-revisions.s3.amazonaws.com/@openzeppelin-contracts/5_3_0_10-04-2025_10:51:50_contracts.zip"
checksum = "fa2bc3db351137c4d5eb32b738a814a541b78e87fbcbfeca825e189c4c787153"
integrity = "d69addf252dfe0688dcd893a7821cbee2421f8ce53d95ca0845a59530043cfd1"

[[dependencies]]
name = "@openzeppelin-contracts-upgradeable"
version = "5.3.0"
url = "https://soldeer-revisions.s3.amazonaws.com/@openzeppelin-contracts-upgradeable/5_3_0_10-04-2025_10:51:56_contracts-upgradeable.zip"
checksum = "4bd92f87af0cac7226b12ce367e7327f13431735fa6010508d8c8177f9d3d10f"
integrity = "fa195a69ef4dfec7fec7fbbb77f424258c821832fdd355b0a6e5fe34d2986a16"

[[dependencies]]
name = "forge-std"
version = "1.9.7"
url = "https://soldeer-revisions.s3.amazonaws.com/forge-std/1_9_7_28-04-2025_15:55:08_forge-std-1.9.zip"
checksum = "8d9e0a885fa8ee6429a4d344aeb6799119f6a94c7c4fe6f188df79b0dce294ba"
integrity = "9e60fdba82bc374df80db7f2951faff6467b9091873004a3d314cf0c084b3c7d"

[[dependencies]]
name = "gnsps-solidity-bytes-utils"
version = "0.8.4"
url = "https://soldeer-revisions.s3.amazonaws.com/gnsps-solidity-bytes-utils/0_8_4_24-05-2025_07:49:51_gnsps-solidity-bytes-utils-0.8.zip"
checksum = "6ea735f8169866fc99a3f4caf6ac17b910caed3b521713c75fc4c3c2b3db5bec"
integrity = "6172bc8002602c9cca3e14416d2f4e158ea76021101c45ee414e6524e9e4f445"

[[dependencies]]
name = "minimal-uups-factory"
version = "1.0"
git = "https://github.com/turingcapitalgroup/minimal-uups-factory.git"
rev = "f484679b34fc4ffe4f394bb3b9417e81d462fa8c"
